
Microsoft Visual Studio Solution File, Format Version 12.00
# Visual Studio 2012
Project("{FAE04EC0-301F-11D3-BF4B-00C04F79EFBC}") = "Mercury.ParticleEngine.Core", "Mercury.ParticleEngine.Core\Mercury.ParticleEngine.Core.csproj", "{E7B59AF1-5CCF-472B-906A-62BF48E520A8}"
EndProject
Project("{FAE04EC0-301F-11D3-BF4B-00C04F79EFBC}") = "Mercury.ParticleEngine.Core.Tests", "Mercury.ParticleEngine.Core.Tests\Mercury.ParticleEngine.Core.Tests.csproj", "{E9B007E5-A803-46A3-AEF5-05DE0B56A5AF}"
EndProject
Global
	GlobalSection(SolutionConfigurationPlatforms) = preSolution
		Debug|Any CPU = Debug|Any CPU
		Debug|Mixed Platforms = Debug|Mixed Platforms
		Debug|x86 = Debug|x86
		Release|Any CPU = Release|Any CPU
		Release|Mixed Platforms = Release|Mixed Platforms
		Release|x86 = Release|x86
	EndGlobalSection
	GlobalSection(ProjectConfigurationPlatforms) = postSolution
		{E7B59AF1-5CCF-472B-906A-62BF48E520A8}.Debug|Any CPU.ActiveCfg = Debug|Any CPU
		{E7B59AF1-5CCF-472B-906A-62BF48E520A8}.Debug|Any CPU.Build.0 = Debug|Any CPU
		{E7B59AF1-5CCF-472B-906A-62BF48E520A8}.Debug|Mixed Platforms.ActiveCfg = Debug|Any CPU
		{E7B59AF1-5CCF-472B-906A-62BF48E520A8}.Debug|Mixed Platforms.Build.0 = Debug|Any CPU
		{E7B59AF1-5CCF-472B-906A-62BF48E520A8}.Debug|x86.ActiveCfg = Debug|Any CPU
		{E7B59AF1-5CCF-472B-906A-62BF48E520A8}.Release|Any CPU.ActiveCfg = Release|Any CPU
		{E7B59AF1-5CCF-472B-906A-62BF48E520A8}.Release|Any CPU.Build.0 = Release|Any CPU
		{E7B59AF1-5CCF-472B-906A-62BF48E520A8}.Release|Mixed Platforms.ActiveCfg = Release|Any CPU
		{E7B59AF1-5CCF-472B-906A-62BF48E520A8}.Release|Mixed Platforms.Build.0 = Release|Any CPU
		{E7B59AF1-5CCF-472B-906A-62BF48E520A8}.Release|x86.ActiveCfg = Release|Any CPU
		{E9B007E5-A803-46A3-AEF5-05DE0B56A5AF}.Debug|Any CPU.ActiveCfg = Debug|Any CPU
		{E9B007E5-A803-46A3-AEF5-05DE0B56A5AF}.Debug|Any CPU.Build.0 = Debug|Any CPU
		{E9B007E5-A803-46A3-AEF5-05DE0B56A5AF}.Debug|Mixed Platforms.ActiveCfg = Debug|Any CPU
		{E9B007E5-A803-46A3-AEF5-05DE0B56A5AF}.Debug|Mixed Platforms.Build.0 = Debug|Any CPU
		{E9B007E5-A803-46A3-AEF5-05DE0B56A5AF}.Debug|x86.ActiveCfg = Debug|Any CPU
		{E9B007E5-A803-46A3-AEF5-05DE0B56A5AF}.Release|Any CPU.ActiveCfg = Release|Any CPU
		{E9B007E5-A803-46A3-AEF5-05DE0B56A5AF}.Release|Any CPU.Build.0 = Release|Any CPU
		{E9B007E5-A803-46A3-AEF5-05DE0B56A5AF}.Release|Mixed Platforms.ActiveCfg = Release|Any CPU
		{E9B007E5-A803-46A3-AEF5-05DE0B56A5AF}.Release|Mixed Platforms.Build.0 = Release|Any CPU
		{E9B007E5-A803-46A3-AEF5-05DE0B56A5AF}.Release|x86.ActiveCfg = Release|Any CPU
	EndGlobalSection
	GlobalSection(SolutionProperties) = preSolution
		HideSolutionNode = FALSE
	EndGlobalSection
EndGlobal
